
Microsoft Visual Studio Solution File, Format Version 12.00
# Visual Studio 2015
Project("{FAE04EC0-301F-11D3-BF4B-00C04F79EFBC}") = "Consent", "Consent.csproj", "{FE882FBE-CF1E-E978-A4E4-182F927DC984}"
EndProject
Global
	GlobalSection(SolutionConfigurationPlatforms) = preSolution
		Debug|Any CPU = Debug|Any CPU
		Release|Any CPU = Release|Any CPU
	EndGlobalSection
	GlobalSection(ProjectConfigurationPlatforms) = postSolution
		{FE882FBE-CF1E-E978-A4E4-182F927DC984}.Debug|Any CPU.ActiveCfg = Debug|Any CPU
		{FE882FBE-CF1E-E978-A4E4-182F927DC984}.Debug|Any CPU.Build.0 = Debug|Any CPU
		{FE882FBE-CF1E-E978-A4E4-182F927DC984}.Release|Any CPU.ActiveCfg = Release|Any CPU
		{FE882FBE-CF1E-E978-A4E4-182F927DC984}.Release|Any CPU.Build.0 = Release|Any CPU
	EndGlobalSection
	GlobalSection(SolutionProperties) = preSolution
		HideSolutionNode = FALSE
	EndGlobalSection
EndGlobal
